
Microsoft Visual Studio Solution File, Format Version 12.00
# Visual Studio 14
VisualStudioVersion = 14.0.25420.1
MinimumVisualStudioVersion = 10.0.40219.1
Project("{FAE04EC0-301F-11D3-BF4B-00C04F79EFBC}") = "T.D.Project.Android", "T.D.Project\T.D.Project.Android\T.D.Project.Android.csproj", "{2BB09972-0837-4B1A-B514-12CD036B08B3}"
EndProject
Project("{FAE04EC0-301F-11D3-BF4B-00C04F79EFBC}") = "T.D.Project", "T.D.Project\T.D.Project\T.D.Project.csproj", "{ECCCCB81-C26C-43C6-BE73-E2B5357E1175}"
EndProject
Project("{FAE04EC0-301F-11D3-BF4B-00C04F79EFBC}") = "T.D.Project.iOS", "T.D.Project\T.D.Project.iOS\T.D.Project.iOS.csproj", "{06974497-127D-4BAC-980C-E6867E4C1781}"
EndProject
Global
	GlobalSection(SolutionConfigurationPlatforms) = preSolution
		Ad-Hoc|Any CPU = Ad-Hoc|Any CPU
		Ad-Hoc|iPhone = Ad-Hoc|iPhone
		Ad-Hoc|iPhoneSimulator = Ad-Hoc|iPhoneSimulator
		AppStore|Any CPU = AppStore|Any CPU
		AppStore|iPhone = AppStore|iPhone
		AppStore|iPhoneSimulator = AppStore|iPhoneSimulator
		Debug|Any CPU = Debug|Any CPU
		Debug|iPhone = Debug|iPhone
		Debug|iPhoneSimulator = Debug|iPhoneSimulator
		Release|Any CPU = Release|Any CPU
		Release|iPhone = Release|iPhone
		Release|iPhoneSimulator = Release|iPhoneSimulator
	EndGlobalSection
	GlobalSection(ProjectConfigurationPlatforms) = postSolution
		{2BB09972-0837-4B1A-B514-12CD036B08B3}.Ad-Hoc|Any CPU.ActiveCfg = Release|Any CPU
		{2BB09972-0837-4B1A-B514-12CD036B08B3}.Ad-Hoc|Any CPU.Build.0 = Release|Any CPU
		{2BB09972-0837-4B1A-B514-12CD036B08B3}.Ad-Hoc|Any CPU.Deploy.0 = Release|Any CPU
		{2BB09972-0837-4B1A-B514-12CD036B08B3}.Ad-Hoc|iPhone.ActiveCfg = Release|Any CPU
		{2BB09972-0837-4B1A-B514-12CD036B08B3}.Ad-Hoc|iPhone.Build.0 = Release|Any CPU
		{2BB09972-0837-4B1A-B514-12CD036B08B3}.Ad-Hoc|iPhone.Deploy.0 = Release|Any CPU
		{2BB09972-0837-4B1A-B514-12CD036B08B3}.Ad-Hoc|iPhoneSimulator.ActiveCfg = Release|Any CPU
		{2BB09972-0837-4B1A-B514-12CD036B08B3}.Ad-Hoc|iPhoneSimulator.Build.0 = Release|Any CPU
		{2BB09972-0837-4B1A-B514-12CD036B08B3}.Ad-Hoc|iPhoneSimulator.Deploy.0 = Release|Any CPU
		{2BB09972-0837-4B1A-B514-12CD036B08B3}.AppStore|Any CPU.ActiveCfg = Release|Any CPU
		{2BB09972-0837-4B1A-B514-12CD036B08B3}.AppStore|Any CPU.Build.0 = Release|Any CPU
		{2BB09972-0837-4B1A-B514-12CD036B08B3}.AppStore|Any CPU.Deploy.0 = Release|Any CPU
		{2BB09972-0837-4B1A-B514-12CD036B08B3}.AppStore|iPhone.ActiveCfg = Release|Any CPU
		{2BB09972-0837-4B1A-B514-12CD036B08B3}.AppStore|iPhone.Build.0 = Release|Any CPU
		{2BB09972-0837-4B1A-B514-12CD036B08B3}.AppStore|iPhone.Deploy.0 = Release|Any CPU
		{2BB09972-0837-4B1A-B514-12CD036B08B3}.AppStore|iPhoneSimulator.ActiveCfg = Release|Any CPU
		{2BB09972-0837-4B1A-B514-12CD036B08B3}.AppStore|iPhoneSimulator.Build.0 = Release|Any CPU
		{2BB09972-0837-4B1A-B514-12CD036B08B3}.AppStore|iPhoneSimulator.Deploy.0 = Release|Any CPU
		{2BB09972-0837-4B1A-B514-12CD036B08B3}.Debug|Any CPU.ActiveCfg = Release|Any CPU
		{2BB09972-0837-4B1A-B514-12CD036B08B3}.Debug|Any CPU.Build.0 = Release|Any CPU
		{2BB09972-0837-4B1A-B514-12CD036B08B3}.Debug|Any CPU.Deploy.0 = Release|Any CPU
		{2BB09972-0837-4B1A-B514-12CD036B08B3}.Debug|iPhone.ActiveCfg = Debug|Any CPU
		{2BB09972-0837-4B1A-B514-12CD036B08B3}.Debug|iPhone.Build.0 = Debug|Any CPU
		{2BB09972-0837-4B1A-B514-12CD036B08B3}.Debug|iPhone.Deploy.0 = Debug|Any CPU
		{2BB09972-0837-4B1A-B514-12CD036B08B3}.Debug|iPhoneSimulator.ActiveCfg = Debug|Any CPU
		{2BB09972-0837-4B1A-B514-12CD036B08B3}.Debug|iPhoneSimulator.Build.0 = Debug|Any CPU
		{2BB09972-0837-4B1A-B514-12CD036B08B3}.Debug|iPhoneSimulator.Deploy.0 = Debug|Any CPU
		{2BB09972-0837-4B1A-B514-12CD036B08B3}.Release|Any CPU.ActiveCfg = Release|Any CPU
		{2BB09972-0837-4B1A-B514-12CD036B08B3}.Release|Any CPU.Build.0 = Release|Any CPU
		{2BB09972-0837-4B1A-B514-12CD036B08B3}.Release|Any CPU.Deploy.0 = Release|Any CPU
		{2BB09972-0837-4B1A-B514-12CD036B08B3}.Release|iPhone.ActiveCfg = Release|Any CPU
		{2BB09972-0837-4B1A-B514-12CD036B08B3}.Release|iPhone.Build.0 = Release|Any CPU
		{2BB09972-0837-4B1A-B514-12CD036B08B3}.Release|iPhone.Deploy.0 = Release|Any CPU
		{2BB09972-0837-4B1A-B514-12CD036B08B3}.Release|iPhoneSimulator.ActiveCfg = Release|Any CPU
		{2BB09972-0837-4B1A-B514-12CD036B08B3}.Release|iPhoneSimulator.Build.0 = Release|Any CPU
		{2BB09972-0837-4B1A-B514-12CD036B08B3}.Release|iPhoneSimulator.Deploy.0 = Release|Any CPU
		{ECCCCB81-C26C-43C6-BE73-E2B5357E1175}.Ad-Hoc|Any CPU.ActiveCfg = Release|Any CPU
		{ECCCCB81-C26C-43C6-BE73-E2B5357E1175}.Ad-Hoc|Any CPU.Build.0 = Release|Any CPU
		{ECCCCB81-C26C-43C6-BE73-E2B5357E1175}.Ad-Hoc|Any CPU.Deploy.0 = Release|Any CPU
		{ECCCCB81-C26C-43C6-BE73-E2B5357E1175}.Ad-Hoc|iPhone.ActiveCfg = Release|Any CPU
		{ECCCCB81-C26C-43C6-BE73-E2B5357E1175}.Ad-Hoc|iPhone.Build.0 = Release|Any CPU
		{ECCCCB81-C26C-43C6-BE73-E2B5357E1175}.Ad-Hoc|iPhone.Deploy.0 = Release|Any CPU
		{ECCCCB81-C26C-43C6-BE73-E2B5357E1175}.Ad-Hoc|iPhoneSimulator.ActiveCfg = Release|Any CPU
		{ECCCCB81-C26C-43C6-BE73-E2B5357E1175}.Ad-Hoc|iPhoneSimulator.Build.0 = Release|Any CPU
		{ECCCCB81-C26C-43C6-BE73-E2B5357E1175}.Ad-Hoc|iPhoneSimulator.Deploy.0 = Release|Any CPU
		{ECCCCB81-C26C-43C6-BE73-E2B5357E1175}.AppStore|Any CPU.ActiveCfg = Release|Any CPU
		{ECCCCB81-C26C-43C6-BE73-E2B5357E1175}.AppStore|Any CPU.Build.0 = Release|Any CPU
		{ECCCCB81-C26C-43C6-BE73-E2B5357E1175}.AppStore|Any CPU.Deploy.0 = Release|Any CPU
		{ECCCCB81-C26C-43C6-BE73-E2B5357E1175}.AppStore|iPhone.ActiveCfg = Release|Any CPU
		{ECCCCB81-C26C-43C6-BE73-E2B5357E1175}.AppStore|iPhone.Build.0 = Release|Any CPU
		{ECCCCB81-C26C-43C6-BE73-E2B5357E1175}.AppStore|iPhone.Deploy.0 = Release|Any CPU
		{ECCCCB81-C26C-43C6-BE73-E2B5357E1175}.AppStore|iPhoneSimulator.ActiveCfg = Release|Any CPU
		{ECCCCB81-C26C-43C6-BE73-E2B5357E1175}.AppStore|iPhoneSimulator.Build.0 = Release|Any CPU
		{ECCCCB81-C26C-43C6-BE73-E2B5357E1175}.AppStore|iPhoneSimulator.Deploy.0 = Release|Any CPU
		{ECCCCB81-C26C-43C6-BE73-E2B5357E1175}.Debug|Any CPU.ActiveCfg = Release|Any CPU
		{ECCCCB81-C26C-43C6-BE73-E2B5357E1175}.Debug|Any CPU.Build.0 = Release|Any CPU
		{ECCCCB81-C26C-43C6-BE73-E2B5357E1175}.Debug|Any CPU.Deploy.0 = Release|Any CPU
		{ECCCCB81-C26C-43C6-BE73-E2B5357E1175}.Debug|iPhone.ActiveCfg = Debug|Any CPU
		{ECCCCB81-C26C-43C6-BE73-E2B5357E1175}.Debug|iPhone.Build.0 = Debug|Any CPU
		{ECCCCB81-C26C-43C6-BE73-E2B5357E1175}.Debug|iPhone.Deploy.0 = Debug|Any CPU
		{ECCCCB81-C26C-43C6-BE73-E2B5357E1175}.Debug|iPhoneSimulator.ActiveCfg = Debug|Any CPU
		{ECCCCB81-C26C-43C6-BE73-E2B5357E1175}.Debug|iPhoneSimulator.Build.0 = Debug|Any CPU
		{ECCCCB81-C26C-43C6-BE73-E2B5357E1175}.Debug|iPhoneSimulator.Deploy.0 = Debug|Any CPU
		{ECCCCB81-C26C-43C6-BE73-E2B5357E1175}.Release|Any CPU.ActiveCfg = Release|Any CPU
		{ECCCCB81-C26C-43C6-BE73-E2B5357E1175}.Release|Any CPU.Build.0 = Release|Any CPU
		{ECCCCB81-C26C-43C6-BE73-E2B5357E1175}.Release|Any CPU.Deploy.0 = Release|Any CPU
		{ECCCCB81-C26C-43C6-BE73-E2B5357E1175}.Release|iPhone.ActiveCfg = Release|Any CPU
		{ECCCCB81-C26C-43C6-BE73-E2B5357E1175}.Release|iPhone.Build.0 = Release|Any CPU
		{ECCCCB81-C26C-43C6-BE73-E2B5357E1175}.Release|iPhone.Deploy.0 = Release|Any CPU
		{ECCCCB81-C26C-43C6-BE73-E2B5357E1175}.Release|iPhoneSimulator.ActiveCfg = Release|Any CPU
		{ECCCCB81-C26C-43C6-BE73-E2B5357E1175}.Release|iPhoneSimulator.Build.0 = Release|Any CPU
		{ECCCCB81-C26C-43C6-BE73-E2B5357E1175}.Release|iPhoneSimulator.Deploy.0 = Release|Any CPU
		{06974497-127D-4BAC-980C-E6867E4C1781}.Ad-Hoc|Any CPU.ActiveCfg = Ad-Hoc|iPhone
		{06974497-127D-4BAC-980C-E6867E4C1781}.Ad-Hoc|Any CPU.Build.0 = Ad-Hoc|iPhone
		{06974497-127D-4BAC-980C-E6867E4C1781}.Ad-Hoc|Any CPU.Deploy.0 = Ad-Hoc|iPhone
		{06974497-127D-4BAC-980C-E6867E4C1781}.Ad-Hoc|iPhone.ActiveCfg = Ad-Hoc|iPhone
		{06974497-127D-4BAC-980C-E6867E4C1781}.Ad-Hoc|iPhone.Build.0 = Ad-Hoc|iPhone
		{06974497-127D-4BAC-980C-E6867E4C1781}.Ad-Hoc|iPhone.Deploy.0 = Ad-Hoc|iPhone
		{06974497-127D-4BAC-980C-E6867E4C1781}.Ad-Hoc|iPhoneSimulator.ActiveCfg = Ad-Hoc|iPhoneSimulator
		{06974497-127D-4BAC-980C-E6867E4C1781}.Ad-Hoc|iPhoneSimulator.Build.0 = Ad-Hoc|iPhoneSimulator
		{06974497-127D-4BAC-980C-E6867E4C1781}.Ad-Hoc|iPhoneSimulator.Deploy.0 = Ad-Hoc|iPhoneSimulator
		{06974497-127D-4BAC-980C-E6867E4C1781}.AppStore|Any CPU.ActiveCfg = AppStore|iPhone
		{06974497-127D-4BAC-980C-E6867E4C1781}.AppStore|Any CPU.Build.0 = AppStore|iPhone
		{06974497-127D-4BAC-980C-E6867E4C1781}.AppStore|Any CPU.Deploy.0 = AppStore|iPhone
		{06974497-127D-4BAC-980C-E6867E4C1781}.AppStore|iPhone.ActiveCfg = AppStore|iPhone
		{06974497-127D-4BAC-980C-E6867E4C1781}.AppStore|iPhone.Build.0 = AppStore|iPhone
		{06974497-127D-4BAC-980C-E6867E4C1781}.AppStore|iPhone.Deploy.0 = AppStore|iPhone
		{06974497-127D-4BAC-980C-E6867E4C1781}.AppStore|iPhoneSimulator.ActiveCfg = AppStore|iPhoneSimulator
		{06974497-127D-4BAC-980C-E6867E4C1781}.AppStore|iPhoneSimulator.Build.0 = AppStore|iPhoneSimulator
		{06974497-127D-4BAC-980C-E6867E4C1781}.AppStore|iPhoneSimulator.Deploy.0 = AppStore|iPhoneSimulator
		{06974497-127D-4BAC-980C-E6867E4C1781}.Debug|Any CPU.ActiveCfg = Debug|iPhoneSimulator
		{06974497-127D-4BAC-980C-E6867E4C1781}.Debug|Any CPU.Build.0 = Debug|iPhoneSimulator
		{06974497-127D-4BAC-980C-E6867E4C1781}.Debug|Any CPU.Deploy.0 = Debug|iPhoneSimulator
		{06974497-127D-4BAC-980C-E6867E4C1781}.Debug|iPhone.ActiveCfg = Debug|iPhone
		{06974497-127D-4BAC-980C-E6867E4C1781}.Debug|iPhone.Build.0 = Debug|iPhone
		{06974497-127D-4BAC-980C-E6867E4C1781}.Debug|iPhone.Deploy.0 = Debug|iPhone
		{06974497-127D-4BAC-980C-E6867E4C1781}.Debug|iPhoneSimulator.ActiveCfg = Debug|iPhoneSimulator
		{06974497-127D-4BAC-980C-E6867E4C1781}.Debug|iPhoneSimulator.Build.0 = Debug|iPhoneSimulator
		{06974497-127D-4BAC-980C-E6867E4C1781}.Debug|iPhoneSimulator.Deploy.0 = Debug|iPhoneSimulator
		{06974497-127D-4BAC-980C-E6867E4C1781}.Release|Any CPU.ActiveCfg = Release|iPhone
		{06974497-127D-4BAC-980C-E6867E4C1781}.Release|Any CPU.Build.0 = Release|iPhone
		{06974497-127D-4BAC-980C-E6867E4C1781}.Release|Any CPU.Deploy.0 = Release|iPhone
		{06974497-127D-4BAC-980C-E6867E4C1781}.Release|iPhone.ActiveCfg = Release|iPhone
		{06974497-127D-4BAC-980C-E6867E4C1781}.Release|iPhone.Build.0 = Release|iPhone
		{06974497-127D-4BAC-980C-E6867E4C1781}.Release|iPhone.Deploy.0 = Release|iPhone
		{06974497-127D-4BAC-980C-E6867E4C1781}.Release|iPhoneSimulator.ActiveCfg = Release|iPhoneSimulator
		{06974497-127D-4BAC-980C-E6867E4C1781}.Release|iPhoneSimulator.Build.0 = Release|iPhoneSimulator
		{06974497-127D-4BAC-980C-E6867E4C1781}.Release|iPhoneSimulator.Deploy.0 = Release|iPhoneSimulator
	EndGlobalSection
	GlobalSection(SolutionProperties) = preSolution
		HideSolutionNode = FALSE
	EndGlobalSection
EndGlobal
